
Microsoft Visual Studio Solution File, Format Version 12.00
# Visual Studio Version 17
VisualStudioVersion = 17.6.33815.320
MinimumVisualStudioVersion = 10.0.40219.1
Project("{FAE04EC0-301F-11D3-BF4B-00C04F79EFBC}") = "MagicPost", "MagicPost\MagicPost.csproj", "{82FD8222-F1DB-40BA-A83C-847CD9E9FD39}"
EndProject
Global
	GlobalSection(SolutionConfigurationPlatforms) = preSolution
		Debug|Any CPU = Debug|Any CPU
		Release|Any CPU = Release|Any CPU
	EndGlobalSection
	GlobalSection(ProjectConfigurationPlatforms) = postSolution
		{82FD8222-F1DB-40BA-A83C-847CD9E9FD39}.Debug|Any CPU.ActiveCfg = Debug|Any CPU
		{82FD8222-F1DB-40BA-A83C-847CD9E9FD39}.Debug|Any CPU.Build.0 = Debug|Any CPU
		{82FD8222-F1DB-40BA-A83C-847CD9E9FD39}.Release|Any CPU.ActiveCfg = Release|Any CPU
		{82FD8222-F1DB-40BA-A83C-847CD9E9FD39}.Release|Any CPU.Build.0 = Release|Any CPU
	EndGlobalSection
	GlobalSection(SolutionProperties) = preSolution
		HideSolutionNode = FALSE
	EndGlobalSection
	GlobalSection(ExtensibilityGlobals) = postSolution
		SolutionGuid = {3CF1145C-7120-4F2C-99FA-45BD7CDF97C4}
	EndGlobalSection
EndGlobal
